// !$*UTF8*$!
{
	archiveVersion = 1;
	classes = {
	};
	objectVersion = 56;
	objects = {

/* Begin PBXBuildFile section */
		8095D00429B64F01005F2EB9 /* RickAndMortyViewModel.swift in Sources */ = {isa = PBXBuildFile; fileRef = 8095D00329B64F01005F2EB9 /* RickAndMortyViewModel.swift */; };
		80F2285529B6445900C97E59 /* AppDelegate.swift in Sources */ = {isa = PBXBuildFile; fileRef = 80F2285429B6445900C97E59 /* AppDelegate.swift */; };
		80F2285729B6445900C97E59 /* SceneDelegate.swift in Sources */ = {isa = PBXBuildFile; fileRef = 80F2285629B6445900C97E59 /* SceneDelegate.swift */; };
		80F2285929B6445900C97E59 /* ViewController.swift in Sources */ = {isa = PBXBuildFile; fileRef = 80F2285829B6445900C97E59 /* ViewController.swift */; };
		80F2285C29B6445900C97E59 /* Main.storyboard in Resources */ = {isa = PBXBuildFile; fileRef = 80F2285A29B6445900C97E59 /* Main.storyboard */; };
		80F2285E29B6445A00C97E59 /* Assets.xcassets in Resources */ = {isa = PBXBuildFile; fileRef = 80F2285D29B6445A00C97E59 /* Assets.xcassets */; };
		80F2286129B6445A00C97E59 /* LaunchScreen.storyboard in Resources */ = {isa = PBXBuildFile; fileRef = 80F2285F29B6445A00C97E59 /* LaunchScreen.storyboard */; };
		80F2286C29B6445A00C97E59 /* RickAndMortyCharactersTests.swift in Sources */ = {isa = PBXBuildFile; fileRef = 80F2286B29B6445A00C97E59 /* RickAndMortyCharactersTests.swift */; };
		80F2287629B6445A00C97E59 /* RickAndMortyCharactersUITests.swift in Sources */ = {isa = PBXBuildFile; fileRef = 80F2287529B6445A00C97E59 /* RickAndMortyCharactersUITests.swift */; };
		80F2287829B6445A00C97E59 /* RickAndMortyCharactersUITestsLaunchTests.swift in Sources */ = {isa = PBXBuildFile; fileRef = 80F2287729B6445A00C97E59 /* RickAndMortyCharactersUITestsLaunchTests.swift */; };
		80F2288629B6449400C97E59 /* SDWebImage in Frameworks */ = {isa = PBXBuildFile; productRef = 80F2288529B6449400C97E59 /* SDWebImage */; };
		80F2288F29B6450D00C97E59 /* RickAndMortyViewController.swift in Sources */ = {isa = PBXBuildFile; fileRef = 80F2288E29B6450D00C97E59 /* RickAndMortyViewController.swift */; };
		80F2289229B6459B00C97E59 /* SnapKit in Frameworks */ = {isa = PBXBuildFile; productRef = 80F2289129B6459B00C97E59 /* SnapKit */; };
		80F2289429B64A4500C97E59 /* APIManager.swift in Sources */ = {isa = PBXBuildFile; fileRef = 80F2289329B64A4500C97E59 /* APIManager.swift */; };
		80F2289629B64A5100C97E59 /* RickAndMortyModel.swift in Sources */ = {isa = PBXBuildFile; fileRef = 80F2289529B64A5100C97E59 /* RickAndMortyModel.swift */; };
/* End PBXBuildFile section */

/* Begin PBXContainerItemProxy section */
		80F2286829B6445A00C97E59 /* PBXContainerItemProxy */ = {
			isa = PBXContainerItemProxy;
			containerPortal = 80F2284929B6445900C97E59 /* Project object */;
			proxyType = 1;
			remoteGlobalIDString = 80F2285029B6445900C97E59;
			remoteInfo = RickAndMortyCharacters;
		};
		80F2287229B6445A00C97E59 /* PBXContainerItemProxy */ = {
			isa = PBXContainerItemProxy;
			containerPortal = 80F2284929B6445900C97E59 /* Project object */;
			proxyType = 1;
			remoteGlobalIDString = 80F2285029B6445900C97E59;
			remoteInfo = RickAndMortyCharacters;
		};
/* End PBXContainerItemProxy section */

/* Begin PBXFileReference section */
		8095D00329B64F01005F2EB9 /* RickAndMortyViewModel.swift */ = {isa = PBXFileReference; lastKnownFileType = sourcecode.swift; path = RickAndMortyViewModel.swift; sourceTree = "<group>"; };
		80F2285129B6445900C97E59 /* RickAndMortyCharacters.app */ = {isa = PBXFileReference; explicitFileType = wrapper.application; includeInIndex = 0; path = RickAndMortyCharacters.app; sourceTree = BUILT_PRODUCTS_DIR; };
		80F2285429B6445900C97E59 /* AppDelegate.swift */ = {isa = PBXFileReference; lastKnownFileType = sourcecode.swift; path = AppDelegate.swift; sourceTree = "<group>"; };
		80F2285629B6445900C97E59 /* SceneDelegate.swift */ = {isa = PBXFileReference; lastKnownFileType = sourcecode.swift; path = SceneDelegate.swift; sourceTree = "<group>"; };
		80F2285829B6445900C97E59 /* ViewController.swift */ = {isa = PBXFileReference; lastKnownFileType = sourcecode.swift; path = ViewController.swift; sourceTree = "<group>"; };
		80F2285B29B6445900C97E59 /* Base */ = {isa = PBXFileReference; lastKnownFileType = file.storyboard; name = Base; path = Base.lproj/Main.storyboard; sourceTree = "<group>"; };
		80F2285D29B6445A00C97E59 /* Assets.xcassets */ = {isa = PBXFileReference; lastKnownFileType = folder.assetcatalog; path = Assets.xcassets; sourceTree = "<group>"; };
		80F2286029B6445A00C97E59 /* Base */ = {isa = PBXFileReference; lastKnownFileType = file.storyboard; name = Base; path = Base.lproj/LaunchScreen.storyboard; sourceTree = "<group>"; };
		80F2286229B6445A00C97E59 /* Info.plist */ = {isa = PBXFileReference; lastKnownFileType = text.plist.xml; path = Info.plist; sourceTree = "<group>"; };
		80F2286729B6445A00C97E59 /* RickAndMortyCharactersTests.xctest */ = {isa = PBXFileReference; explicitFileType = wrapper.cfbundle; includeInIndex = 0; path = RickAndMortyCharactersTests.xctest; sourceTree = BUILT_PRODUCTS_DIR; };
		80F2286B29B6445A00C97E59 /* RickAndMortyCharactersTests.swift */ = {isa = PBXFileReference; lastKnownFileType = sourcecode.swift; path = RickAndMortyCharactersTests.swift; sourceTree = "<group>"; };
		80F2287129B6445A00C97E59 /* RickAndMortyCharactersUITests.xctest */ = {isa = PBXFileReference; explicitFileType = wrapper.cfbundle; includeInIndex = 0; path = RickAndMortyCharactersUITests.xctest; sourceTree = BUILT_PRODUCTS_DIR; };
		80F2287529B6445A00C97E59 /* RickAndMortyCharactersUITests.swift */ = {isa = PBXFileReference; lastKnownFileType = sourcecode.swift; path = RickAndMortyCharactersUITests.swift; sourceTree = "<group>"; };
		80F2287729B6445A00C97E59 /* RickAndMortyCharactersUITestsLaunchTests.swift */ = {isa = PBXFileReference; lastKnownFileType = sourcecode.swift; path = RickAndMortyCharactersUITestsLaunchTests.swift; sourceTree = "<group>"; };
		80F2288E29B6450D00C97E59 /* RickAndMortyViewController.swift */ = {isa = PBXFileReference; lastKnownFileType = sourcecode.swift; path = RickAndMortyViewController.swift; sourceTree = "<group>"; };
		80F2289329B64A4500C97E59 /* APIManager.swift */ = {isa = PBXFileReference; lastKnownFileType = sourcecode.swift; path = APIManager.swift; sourceTree = "<group>"; };
		80F2289529B64A5100C97E59 /* RickAndMortyModel.swift */ = {isa = PBXFileReference; lastKnownFileType = sourcecode.swift; path = RickAndMortyModel.swift; sourceTree = "<group>"; };
/* End PBXFileReference section */

/* Begin PBXFrameworksBuildPhase section */
		80F2284E29B6445900C97E59 /* Frameworks */ = {
			isa = PBXFrameworksBuildPhase;
			buildActionMask = 2147483647;
			files = (
				80F2288629B6449400C97E59 /* SDWebImage in Frameworks */,
				80F2289229B6459B00C97E59 /* SnapKit in Frameworks */,
			);
			runOnlyForDeploymentPostprocessing = 0;
		};
		80F2286429B6445A00C97E59 /* Frameworks */ = {
			isa = PBXFrameworksBuildPhase;
			buildActionMask = 2147483647;
			files = (
			);
			runOnlyForDeploymentPostprocessing = 0;
		};
		80F2286E29B6445A00C97E59 /* Frameworks */ = {
			isa = PBXFrameworksBuildPhase;
			buildActionMask = 2147483647;
			files = (
			);
			runOnlyForDeploymentPostprocessing = 0;
		};
/* End PBXFrameworksBuildPhase section */

/* Begin PBXGroup section */
		80F2284829B6445900C97E59 = {
			isa = PBXGroup;
			children = (
				80F2285329B6445900C97E59 /* RickAndMortyCharacters */,
				80F2286A29B6445A00C97E59 /* RickAndMortyCharactersTests */,
				80F2287429B6445A00C97E59 /* RickAndMortyCharactersUITests */,
				80F2285229B6445900C97E59 /* Products */,
			);
			sourceTree = "<group>";
		};
		80F2285229B6445900C97E59 /* Products */ = {
			isa = PBXGroup;
			children = (
				80F2285129B6445900C97E59 /* RickAndMortyCharacters.app */,
				80F2286729B6445A00C97E59 /* RickAndMortyCharactersTests.xctest */,
				80F2287129B6445A00C97E59 /* RickAndMortyCharactersUITests.xctest */,
			);
			name = Products;
			sourceTree = "<group>";
		};
		80F2285329B6445900C97E59 /* RickAndMortyCharacters */ = {
			isa = PBXGroup;
			children = (
				80F2288829B644AD00C97E59 /* Features */,
				80F2288729B6449B00C97E59 /* Core */,
				80F2285F29B6445A00C97E59 /* LaunchScreen.storyboard */,
				80F2286229B6445A00C97E59 /* Info.plist */,
			);
			path = RickAndMortyCharacters;
			sourceTree = "<group>";
		};
		80F2286A29B6445A00C97E59 /* RickAndMortyCharactersTests */ = {
			isa = PBXGroup;
			children = (
				80F2286B29B6445A00C97E59 /* RickAndMortyCharactersTests.swift */,
			);
			path = RickAndMortyCharactersTests;
			sourceTree = "<group>";
		};
		80F2287429B6445A00C97E59 /* RickAndMortyCharactersUITests */ = {
			isa = PBXGroup;
			children = (
				80F2287529B6445A00C97E59 /* RickAndMortyCharactersUITests.swift */,
				80F2287729B6445A00C97E59 /* RickAndMortyCharactersUITestsLaunchTests.swift */,
			);
			path = RickAndMortyCharactersUITests;
			sourceTree = "<group>";
		};
		80F2288729B6449B00C97E59 /* Core */ = {
			isa = PBXGroup;
			children = (
				80F2285D29B6445A00C97E59 /* Assets.xcassets */,
				80F2285829B6445900C97E59 /* ViewController.swift */,
				80F2285A29B6445900C97E59 /* Main.storyboard */,
				80F2285629B6445900C97E59 /* SceneDelegate.swift */,
				80F2285429B6445900C97E59 /* AppDelegate.swift */,
			);
			path = Core;
			sourceTree = "<group>";
		};
		80F2288829B644AD00C97E59 /* Features */ = {
			isa = PBXGroup;
			children = (
				80F2288929B644D400C97E59 /* RickAndMorty */,
			);
			path = Features;
			sourceTree = "<group>";
		};
		80F2288929B644D400C97E59 /* RickAndMorty */ = {
			isa = PBXGroup;
			children = (
				80F2288D29B644F300C97E59 /* Service */,
				80F2288C29B644EE00C97E59 /* Model */,
				80F2288B29B644E600C97E59 /* ViewModel */,
				80F2288A29B644E000C97E59 /* View */,
			);
			path = RickAndMorty;
			sourceTree = "<group>";
		};
		80F2288A29B644E000C97E59 /* View */ = {
			isa = PBXGroup;
			children = (
				80F2288E29B6450D00C97E59 /* RickAndMortyViewController.swift */,
			);
			path = View;
			sourceTree = "<group>";
		};
		80F2288B29B644E600C97E59 /* ViewModel */ = {
			isa = PBXGroup;
			children = (
				8095D00329B64F01005F2EB9 /* RickAndMortyViewModel.swift */,
			);
			path = ViewModel;
			sourceTree = "<group>";
		};
		80F2288C29B644EE00C97E59 /* Model */ = {
			isa = PBXGroup;
			children = (
				80F2289529B64A5100C97E59 /* RickAndMortyModel.swift */,
			);
			path = Model;
			sourceTree = "<group>";
		};
		80F2288D29B644F300C97E59 /* Service */ = {
			isa = PBXGroup;
			children = (
				80F2289329B64A4500C97E59 /* APIManager.swift */,
			);
			path = Service;
			sourceTree = "<group>";
		};
/* End PBXGroup section */

/* Begin PBXNativeTarget section */
		80F2285029B6445900C97E59 /* RickAndMortyCharacters */ = {
			isa = PBXNativeTarget;
			buildConfigurationList = 80F2287B29B6445A00C97E59 /* Build configuration list for PBXNativeTarget "RickAndMortyCharacters" */;
			buildPhases = (
				80F2284D29B6445900C97E59 /* Sources */,
				80F2284E29B6445900C97E59 /* Frameworks */,
				80F2284F29B6445900C97E59 /* Resources */,
			);
			buildRules = (
			);
			dependencies = (
			);
			name = RickAndMortyCharacters;
			packageProductDependencies = (
				80F2288529B6449400C97E59 /* SDWebImage */,
				80F2289129B6459B00C97E59 /* SnapKit */,
			);
			productName = RickAndMortyCharacters;
			productReference = 80F2285129B6445900C97E59 /* RickAndMortyCharacters.app */;
			productType = "com.apple.product-type.application";
		};
		80F2286629B6445A00C97E59 /* RickAndMortyCharactersTests */ = {
			isa = PBXNativeTarget;
			buildConfigurationList = 80F2287E29B6445A00C97E59 /* Build configuration list for PBXNativeTarget "RickAndMortyCharactersTests" */;
			buildPhases = (
				80F2286329B6445A00C97E59 /* Sources */,
				80F2286429B6445A00C97E59 /* Frameworks */,
				80F2286529B6445A00C97E59 /* Resources */,
			);
			buildRules = (
			);
			dependencies = (
				80F2286929B6445A00C97E59 /* PBXTargetDependency */,
			);
			name = RickAndMortyCharactersTests;
			productName = RickAndMortyCharactersTests;
			productReference = 80F2286729B6445A00C97E59 /* RickAndMortyCharactersTests.xctest */;
			productType = "com.apple.product-type.bundle.unit-test";
		};
		80F2287029B6445A00C97E59 /* RickAndMortyCharactersUITests */ = {
			isa = PBXNativeTarget;
			buildConfigurationList = 80F2288129B6445A00C97E59 /* Build configuration list for PBXNativeTarget "RickAndMortyCharactersUITests" */;
			buildPhases = (
				80F2286D29B6445A00C97E59 /* Sources */,
				80F2286E29B6445A00C97E59 /* Frameworks */,
				80F2286F29B6445A00C97E59 /* Resources */,
			);
			buildRules = (
			);
			dependencies = (
				80F2287329B6445A00C97E59 /* PBXTargetDependency */,
			);
			name = RickAndMortyCharactersUITests;
			productName = RickAndMortyCharactersUITests;
			productReference = 80F2287129B6445A00C97E59 /* RickAndMortyCharactersUITests.xctest */;
			productType = "com.apple.product-type.bundle.ui-testing";
		};
/* End PBXNativeTarget section */

/* Begin PBXProject section */
		80F2284929B6445900C97E59 /* Project object */ = {
			isa = PBXProject;
			attributes = {
				BuildIndependentTargetsInParallel = 1;
				LastSwiftUpdateCheck = 1420;
				LastUpgradeCheck = 1420;
				TargetAttributes = {
					80F2285029B6445900C97E59 = {
						CreatedOnToolsVersion = 14.2;
					};
					80F2286629B6445A00C97E59 = {
						CreatedOnToolsVersion = 14.2;
						TestTargetID = 80F2285029B6445900C97E59;
					};
					80F2287029B6445A00C97E59 = {
						CreatedOnToolsVersion = 14.2;
						TestTargetID = 80F2285029B6445900C97E59;
					};
				};
			};
			buildConfigurationList = 80F2284C29B6445900C97E59 /* Build configuration list for PBXProject "RickAndMortyCharacters" */;
			compatibilityVersion = "Xcode 14.0";
			developmentRegion = en;
			hasScannedForEncodings = 0;
			knownRegions = (
				en,
				Base,
			);
			mainGroup = 80F2284829B6445900C97E59;
			packageReferences = (
				80F2288429B6449400C97E59 /* XCRemoteSwiftPackageReference "SDWebImage" */,
				80F2289029B6459B00C97E59 /* XCRemoteSwiftPackageReference "SnapKit" */,
			);
			productRefGroup = 80F2285229B6445900C97E59 /* Products */;
			projectDirPath = "";
			projectRoot = "";
			targets = (
				80F2285029B6445900C97E59 /* RickAndMortyCharacters */,
				80F2286629B6445A00C97E59 /* RickAndMortyCharactersTests */,
				80F2287029B6445A00C97E59 /* RickAndMortyCharactersUITests */,
			);
		};
/* End PBXProject section */

/* Begin PBXResourcesBuildPhase section */
		80F2284F29B6445900C97E59 /* Resources */ = {
			isa = PBXResourcesBuildPhase;
			buildActionMask = 2147483647;
			files = (
				80F2286129B6445A00C97E59 /* LaunchScreen.storyboard in Resources */,
				80F2285E29B6445A00C97E59 /* Assets.xcassets in Resources */,
				80F2285C29B6445900C97E59 /* Main.storyboard in Resources */,
			);
			runOnlyForDeploymentPostprocessing = 0;
		};
		80F2286529B6445A00C97E59 /* Resources */ = {
			isa = PBXResourcesBuildPhase;
			buildActionMask = 2147483647;
			files = (
			);
			runOnlyForDeploymentPostprocessing = 0;
		};
		80F2286F29B6445A00C97E59 /* Resources */ = {
			isa = PBXResourcesBuildPhase;
			buildActionMask = 2147483647;
			files = (
			);
			runOnlyForDeploymentPostprocessing = 0;
		};
/* End PBXResourcesBuildPhase section */

/* Begin PBXSourcesBuildPhase section */
		80F2284D29B6445900C97E59 /* Sources */ = {
			isa = PBXSourcesBuildPhase;
			buildActionMask = 2147483647;
			files = (
				80F2289629B64A5100C97E59 /* RickAndMortyModel.swift in Sources */,
				80F2285929B6445900C97E59 /* ViewController.swift in Sources */,
				80F2285529B6445900C97E59 /* AppDelegate.swift in Sources */,
				8095D00429B64F01005F2EB9 /* RickAndMortyViewModel.swift in Sources */,
				80F2289429B64A4500C97E59 /* APIManager.swift in Sources */,
				80F2288F29B6450D00C97E59 /* RickAndMortyViewController.swift in Sources */,
				80F2285729B6445900C97E59 /* SceneDelegate.swift in Sources */,
			);
			runOnlyForDeploymentPostprocessing = 0;
		};
		80F2286329B6445A00C97E59 /* Sources */ = {
			isa = PBXSourcesBuildPhase;
			buildActionMask = 2147483647;
			files = (
				80F2286C29B6445A00C97E59 /* RickAndMortyCharactersTests.swift in Sources */,
			);
			runOnlyForDeploymentPostprocessing = 0;
		};
		80F2286D29B6445A00C97E59 /* Sources */ = {
			isa = PBXSourcesBuildPhase;
			buildActionMask = 2147483647;
			files = (
				80F2287629B6445A00C97E59 /* RickAndMortyCharactersUITests.swift in Sources */,
				80F2287829B6445A00C97E59 /* RickAndMortyCharactersUITestsLaunchTests.swift in Sources */,
			);
			runOnlyForDeploymentPostprocessing = 0;
		};
/* End PBXSourcesBuildPhase section */

/* Begin PBXTargetDependency section */
		80F2286929B6445A00C97E59 /* PBXTargetDependency */ = {
			isa = PBXTargetDependency;
			target = 80F2285029B6445900C97E59 /* RickAndMortyCharacters */;
			targetProxy = 80F2286829B6445A00C97E59 /* PBXContainerItemProxy */;
		};
		80F2287329B6445A00C97E59 /* PBXTargetDependency */ = {
			isa = PBXTargetDependency;
			target = 80F2285029B6445900C97E59 /* RickAndMortyCharacters */;
			targetProxy = 80F2287229B6445A00C97E59 /* PBXContainerItemProxy */;
		};
/* End PBXTargetDependency section */

/* Begin PBXVariantGroup section */
		80F2285A29B6445900C97E59 /* Main.storyboard */ = {
			isa = PBXVariantGroup;
			children = (
				80F2285B29B6445900C97E59 /* Base */,
			);
			name = Main.storyboard;
			sourceTree = "<group>";
		};
		80F2285F29B6445A00C97E59 /* LaunchScreen.storyboard */ = {
			isa = PBXVariantGroup;
			children = (
				80F2286029B6445A00C97E59 /* Base */,
			);
			name = LaunchScreen.storyboard;
			sourceTree = "<group>";
		};
/* End PBXVariantGroup section */

/* Begin XCBuildConfiguration section */
		80F2287929B6445A00C97E59 /* Debug */ = {
			isa = XCBuildConfiguration;
			buildSettings = {
				ALWAYS_SEARCH_USER_PATHS = NO;
				CLANG_ANALYZER_NONNULL = YES;
				CLANG_ANALYZER_NUMBER_OBJECT_CONVERSION = YES_AGGRESSIVE;
				CLANG_CXX_LANGUAGE_STANDARD = "gnu++20";
				CLANG_ENABLE_MODULES = YES;
				CLANG_ENABLE_OBJC_ARC = YES;
				CLANG_ENABLE_OBJC_WEAK = YES;
				CLANG_WARN_BLOCK_CAPTURE_AUTORELEASING = YES;
				CLANG_WARN_BOOL_CONVERSION = YES;
				CLANG_WARN_COMMA = YES;
				CLANG_WARN_CONSTANT_CONVERSION = YES;
				CLANG_WARN_DEPRECATED_OBJC_IMPLEMENTATIONS = YES;
				CLANG_WARN_DIRECT_OBJC_ISA_USAGE = YES_ERROR;
				CLANG_WARN_DOCUMENTATION_COMMENTS = YES;
				CLANG_WARN_EMPTY_BODY = YES;
				CLANG_WARN_ENUM_CONVERSION = YES;
				CLANG_WARN_INFINITE_RECURSION = YES;
				CLANG_WARN_INT_CONVERSION = YES;
				CLANG_WARN_NON_LITERAL_NULL_CONVERSION = YES;
				CLANG_WARN_OBJC_IMPLICIT_RETAIN_SELF = YES;
				CLANG_WARN_OBJC_LITERAL_CONVERSION = YES;
				CLANG_WARN_OBJC_ROOT_CLASS = YES_ERROR;
				CLANG_WARN_QUOTED_INCLUDE_IN_FRAMEWORK_HEADER = YES;
				CLANG_WARN_RANGE_LOOP_ANALYSIS = YES;
				CLANG_WARN_STRICT_PROTOTYPES = YES;
				CLANG_WARN_SUSPICIOUS_MOVE = YES;
				CLANG_WARN_UNGUARDED_AVAILABILITY = YES_AGGRESSIVE;
				CLANG_WARN_UNREACHABLE_CODE = YES;
				CLANG_WARN__DUPLICATE_METHOD_MATCH = YES;
				COPY_PHASE_STRIP = NO;
				DEBUG_INFORMATION_FORMAT = dwarf;
				ENABLE_STRICT_OBJC_MSGSEND = YES;
				ENABLE_TESTABILITY = YES;
				GCC_C_LANGUAGE_STANDARD = gnu11;
				GCC_DYNAMIC_NO_PIC = NO;
				GCC_NO_COMMON_BLOCKS = YES;
				GCC_OPTIMIZATION_LEVEL = 0;
				GCC_PREPROCESSOR_DEFINITIONS = (
					"DEBUG=1",
					"$(inherited)",
				);
				GCC_WARN_64_TO_32_BIT_CONVERSION = YES;
				GCC_WARN_ABOUT_RETURN_TYPE = YES_ERROR;
				GCC_WARN_UNDECLARED_SELECTOR = YES;
				GCC_WARN_UNINITIALIZED_AUTOS = YES_AGGRESSIVE;
				GCC_WARN_UNUSED_FUNCTION = YES;
				GCC_WARN_UNUSED_VARIABLE = YES;
				IPHONEOS_DEPLOYMENT_TARGET = 16.2;
				MTL_ENABLE_DEBUG_INFO = INCLUDE_SOURCE;
				MTL_FAST_MATH = YES;
				ONLY_ACTIVE_ARCH = YES;
				SDKROOT = iphoneos;
				SWIFT_ACTIVE_COMPILATION_CONDITIONS = DEBUG;
				SWIFT_OPTIMIZATION_LEVEL = "-Onone";
			};
			name = Debug;
		};
		80F2287A29B6445A00C97E59 /* Release */ = {
			isa = XCBuildConfiguration;
			buildSettings = {
				ALWAYS_SEARCH_USER_PATHS = NO;
				CLANG_ANALYZER_NONNULL = YES;
				CLANG_ANALYZER_NUMBER_OBJECT_CONVERSION = YES_AGGRESSIVE;
				CLANG_CXX_LANGUAGE_STANDARD = "gnu++20";
				CLANG_ENABLE_MODULES = YES;
				CLANG_ENABLE_OBJC_ARC = YES;
				CLANG_ENABLE_OBJC_WEAK = YES;
				CLANG_WARN_BLOCK_CAPTURE_AUTORELEASING = YES;
				CLANG_WARN_BOOL_CONVERSION = YES;
				CLANG_WARN_COMMA = YES;
				CLANG_WARN_CONSTANT_CONVERSION = YES;
				CLANG_WARN_DEPRECATED_OBJC_IMPLEMENTATIONS = YES;
				CLANG_WARN_DIRECT_OBJC_ISA_USAGE = YES_ERROR;
				CLANG_WARN_DOCUMENTATION_COMMENTS = YES;
				CLANG_WARN_EMPTY_BODY = YES;
				CLANG_WARN_ENUM_CONVERSION = YES;
				CLANG_WARN_INFINITE_RECURSION = YES;
				CLANG_WARN_INT_CONVERSION = YES;
				CLANG_WARN_NON_LITERAL_NULL_CONVERSION = YES;
				CLANG_WARN_OBJC_IMPLICIT_RETAIN_SELF = YES;
				CLANG_WARN_OBJC_LITERAL_CONVERSION = YES;
				CLANG_WARN_OBJC_ROOT_CLASS = YES_ERROR;
				CLANG_WARN_QUOTED_INCLUDE_IN_FRAMEWORK_HEADER = YES;
				CLANG_WARN_RANGE_LOOP_ANALYSIS = YES;
				CLANG_WARN_STRICT_PROTOTYPES = YES;
				CLANG_WARN_SUSPICIOUS_MOVE = YES;
				CLANG_WARN_UNGUARDED_AVAILABILITY = YES_AGGRESSIVE;
				CLANG_WARN_UNREACHABLE_CODE = YES;
				CLANG_WARN__DUPLICATE_METHOD_MATCH = YES;
				COPY_PHASE_STRIP = NO;
				DEBUG_INFORMATION_FORMAT = "dwarf-with-dsym";
				ENABLE_NS_ASSERTIONS = NO;
				ENABLE_STRICT_OBJC_MSGSEND = YES;
				GCC_C_LANGUAGE_STANDARD = gnu11;
				GCC_NO_COMMON_BLOCKS = YES;
				GCC_WARN_64_TO_32_BIT_CONVERSION = YES;
				GCC_WARN_ABOUT_RETURN_TYPE = YES_ERROR;
				GCC_WARN_UNDECLARED_SELECTOR = YES;
				GCC_WARN_UNINITIALIZED_AUTOS = YES_AGGRESSIVE;
				GCC_WARN_UNUSED_FUNCTION = YES;
				GCC_WARN_UNUSED_VARIABLE = YES;
				IPHONEOS_DEPLOYMENT_TARGET = 16.2;
				MTL_ENABLE_DEBUG_INFO = NO;
				MTL_FAST_MATH = YES;
				SDKROOT = iphoneos;
				SWIFT_COMPILATION_MODE = wholemodule;
				SWIFT_OPTIMIZATION_LEVEL = "-O";
				VALIDATE_PRODUCT = YES;
			};
			name = Release;
		};
		80F2287C29B6445A00C97E59 /* Debug */ = {
			isa = XCBuildConfiguration;
			buildSettings = {
				ASSETCATALOG_COMPILER_APPICON_NAME = AppIcon;
				ASSETCATALOG_COMPILER_GLOBAL_ACCENT_COLOR_NAME = AccentColor;
				CODE_SIGN_STYLE = Automatic;
				CURRENT_PROJECT_VERSION = 1;
				DEVELOPMENT_TEAM = 936XSD7LYL;
				GENERATE_INFOPLIST_FILE = YES;
				INFOPLIST_FILE = RickAndMortyCharacters/Info.plist;
				INFOPLIST_KEY_UIApplicationSupportsIndirectInputEvents = YES;
				INFOPLIST_KEY_UILaunchStoryboardName = LaunchScreen;
				INFOPLIST_KEY_UIMainStoryboardFile = Main;
				INFOPLIST_KEY_UISupportedInterfaceOrientations_iPad = "UIInterfaceOrientationPortrait UIInterfaceOrientationPortraitUpsideDown UIInterfaceOrientationLandscapeLeft UIInterfaceOrientationLandscapeRight";
				INFOPLIST_KEY_UISupportedInterfaceOrientations_iPhone = "UIInterfaceOrientationPortrait UIInterfaceOrientationLandscapeLeft UIInterfaceOrientationLandscapeRight";
				LD_RUNPATH_SEARCH_PATHS = (
					"$(inherited)",
					"@executable_path/Frameworks",
				);
				MARKETING_VERSION = 1.0;
				PRODUCT_BUNDLE_IDENTIFIER = ibrahimmbyrrm.RickAndMortyCharacters;
				PRODUCT_NAME = "$(TARGET_NAME)";
				SWIFT_EMIT_LOC_STRINGS = YES;
				SWIFT_VERSION = 5.0;
				TARGETED_DEVICE_FAMILY = "1,2";
			};
			name = Debug;
		};
		80F2287D29B6445A00C97E59 /* Release */ = {
			isa = XCBuildConfiguration;
			buildSettings = {
				ASSETCATALOG_COMPILER_APPICON_NAME = AppIcon;
				ASSETCATALOG_COMPILER_GLOBAL_ACCENT_COLOR_NAME = AccentColor;
				CODE_SIGN_STYLE = Automatic;
				CURRENT_PROJECT_VERSION = 1;
				DEVELOPMENT_TEAM = 936XSD7LYL;
				GENERATE_INFOPLIST_FILE = YES;
				INFOPLIST_FILE = RickAndMortyCharacters/Info.plist;
				INFOPLIST_KEY_UIApplicationSupportsIndirectInputEvents = YES;
				INFOPLIST_KEY_UILaunchStoryboardName = LaunchScreen;
				INFOPLIST_KEY_UIMainStoryboardFile = Main;
				INFOPLIST_KEY_UISupportedInterfaceOrientations_iPad = "UIInterfaceOrientationPortrait UIInterfaceOrientationPortraitUpsideDown UIInterfaceOrientationLandscapeLeft UIInterfaceOrientationLandscapeRight";
				INFOPLIST_KEY_UISupportedInterfaceOrientations_iPhone = "UIInterfaceOrientationPortrait UIInterfaceOrientationLandscapeLeft UIInterfaceOrientationLandscapeRight";
				LD_RUNPATH_SEARCH_PATHS = (
					"$(inherited)",
					"@executable_path/Frameworks",
				);
				MARKETING_VERSION = 1.0;
				PRODUCT_BUNDLE_IDENTIFIER = ibrahimmbyrrm.RickAndMortyCharacters;
				PRODUCT_NAME = "$(TARGET_NAME)";
				SWIFT_EMIT_LOC_STRINGS = YES;
				SWIFT_VERSION = 5.0;
				TARGETED_DEVICE_FAMILY = "1,2";
			};
			name = Release;
		};
		80F2287F29B6445A00C97E59 /* Debug */ = {
			isa = XCBuildConfiguration;
			buildSettings = {
				ALWAYS_EMBED_SWIFT_STANDARD_LIBRARIES = YES;
				BUNDLE_LOADER = "$(TEST_HOST)";
				CODE_SIGN_STYLE = Automatic;
				CURRENT_PROJECT_VERSION = 1;
				DEVELOPMENT_TEAM = 936XSD7LYL;
				GENERATE_INFOPLIST_FILE = YES;
				IPHONEOS_DEPLOYMENT_TARGET = 16.2;
				MARKETING_VERSION = 1.0;
				PRODUCT_BUNDLE_IDENTIFIER = ibrahimmbyrrm.RickAndMortyCharactersTests;
				PRODUCT_NAME = "$(TARGET_NAME)";
				SWIFT_EMIT_LOC_STRINGS = NO;
				SWIFT_VERSION = 5.0;
				TARGETED_DEVICE_FAMILY = "1,2";
				TEST_HOST = "$(BUILT_PRODUCTS_DIR)/RickAndMortyCharacters.app/$(BUNDLE_EXECUTABLE_FOLDER_PATH)/RickAndMortyCharacters";
			};
			name = Debug;
		};
		80F2288029B6445A00C97E59 /* Release */ = {
			isa = XCBuildConfiguration;
			buildSettings = {
				ALWAYS_EMBED_SWIFT_STANDARD_LIBRARIES = YES;
				BUNDLE_LOADER = "$(TEST_HOST)";
				CODE_SIGN_STYLE = Automatic;
				CURRENT_PROJECT_VERSION = 1;
				DEVELOPMENT_TEAM = 936XSD7LYL;
				GENERATE_INFOPLIST_FILE = YES;
				IPHONEOS_DEPLOYMENT_TARGET = 16.2;
				MARKETING_VERSION = 1.0;
				PRODUCT_BUNDLE_IDENTIFIER = ibrahimmbyrrm.RickAndMortyCharactersTests;
				PRODUCT_NAME = "$(TARGET_NAME)";
				SWIFT_EMIT_LOC_STRINGS = NO;
				SWIFT_VERSION = 5.0;
				TARGETED_DEVICE_FAMILY = "1,2";
				TEST_HOST = "$(BUILT_PRODUCTS_DIR)/RickAndMortyCharacters.app/$(BUNDLE_EXECUTABLE_FOLDER_PATH)/RickAndMortyCharacters";
			};
			name = Release;
		};
		80F2288229B6445A00C97E59 /* Debug */ = {
			isa = XCBuildConfiguration;
			buildSettings = {
				ALWAYS_EMBED_SWIFT_STANDARD_LIBRARIES = YES;
				CODE_SIGN_STYLE = Automatic;
				CURRENT_PROJECT_VERSION = 1;
				DEVELOPMENT_TEAM = 936XSD7LYL;
				GENERATE_INFOPLIST_FILE = YES;
				MARKETING_VERSION = 1.0;
				PRODUCT_BUNDLE_IDENTIFIER = ibrahimmbyrrm.RickAndMortyCharactersUITests;
				PRODUCT_NAME = "$(TARGET_NAME)";
				SWIFT_EMIT_LOC_STRINGS = NO;
				SWIFT_VERSION = 5.0;
				TARGETED_DEVICE_FAMILY = "1,2";
				TEST_TARGET_NAME = RickAndMortyCharacters;
			};
			name = Debug;
		};
		80F2288329B6445A00C97E59 /* Release */ = {
			isa = XCBuildConfiguration;
			buildSettings = {
				ALWAYS_EMBED_SWIFT_STANDARD_LIBRARIES = YES;
				CODE_SIGN_STYLE = Automatic;
				CURRENT_PROJECT_VERSION = 1;
				DEVELOPMENT_TEAM = 936XSD7LYL;
				GENERATE_INFOPLIST_FILE = YES;
				MARKETING_VERSION = 1.0;
				PRODUCT_BUNDLE_IDENTIFIER = ibrahimmbyrrm.RickAndMortyCharactersUITests;
				PRODUCT_NAME = "$(TARGET_NAME)";
				SWIFT_EMIT_LOC_STRINGS = NO;
				SWIFT_VERSION = 5.0;
				TARGETED_DEVICE_FAMILY = "1,2";
				TEST_TARGET_NAME = RickAndMortyCharacters;
			};
			name = Release;
		};
/* End XCBuildConfiguration section */

/* Begin XCConfigurationList section */
		80F2284C29B6445900C97E59 /* Build configuration list for PBXProject "RickAndMortyCharacters" */ = {
			isa = XCConfigurationList;
			buildConfigurations = (
				80F2287929B6445A00C97E59 /* Debug */,
				80F2287A29B6445A00C97E59 /* Release */,
			);
			defaultConfigurationIsVisible = 0;
			defaultConfigurationName = Release;
		};
		80F2287B29B6445A00C97E59 /* Build configuration list for PBXNativeTarget "RickAndMortyCharacters" */ = {
			isa = XCConfigurationList;
			buildConfigurations = (
				80F2287C29B6445A00C97E59 /* Debug */,
				80F2287D29B6445A00C97E59 /* Release */,
			);
			defaultConfigurationIsVisible = 0;
			defaultConfigurationName = Release;
		};
		80F2287E29B6445A00C97E59 /* Build configuration list for PBXNativeTarget "RickAndMortyCharactersTests" */ = {
			isa = XCConfigurationList;
			buildConfigurations = (
				80F2287F29B6445A00C97E59 /* Debug */,
				80F2288029B6445A00C97E59 /* Release */,
			);
			defaultConfigurationIsVisible = 0;
			defaultConfigurationName = Release;
		};
		80F2288129B6445A00C97E59 /* Build configuration list for PBXNativeTarget "RickAndMortyCharactersUITests" */ = {
			isa = XCConfigurationList;
			buildConfigurations = (
				80F2288229B6445A00C97E59 /* Debug */,
				80F2288329B6445A00C97E59 /* Release */,
			);
			defaultConfigurationIsVisible = 0;
			defaultConfigurationName = Release;
		};
/* End XCConfigurationList section */

/* Begin XCRemoteSwiftPackageReference section */
		80F2288429B6449400C97E59 /* XCRemoteSwiftPackageReference "SDWebImage" */ = {
			isa = XCRemoteSwiftPackageReference;
			repositoryURL = "https://github.com/SDWebImage/SDWebImage";
			requirement = {
				branch = master;
				kind = branch;
			};
		};
		80F2289029B6459B00C97E59 /* XCRemoteSwiftPackageReference "SnapKit" */ = {
			isa = XCRemoteSwiftPackageReference;
			repositoryURL = "https://github.com/SnapKit/SnapKit.git";
			requirement = {
				kind = upToNextMajorVersion;
				minimumVersion = 5.0.0;
			};
		};
/* End XCRemoteSwiftPackageReference section */

/* Begin XCSwiftPackageProductDependency section */
		80F2288529B6449400C97E59 /* SDWebImage */ = {
			isa = XCSwiftPackageProductDependency;
			package = 80F2288429B6449400C97E59 /* XCRemoteSwiftPackageReference "SDWebImage" */;
			productName = SDWebImage;
		};
		80F2289129B6459B00C97E59 /* SnapKit */ = {
			isa = XCSwiftPackageProductDependency;
			package = 80F2289029B6459B00C97E59 /* XCRemoteSwiftPackageReference "SnapKit" */;
			productName = SnapKit;
		};
/* End XCSwiftPackageProductDependency section */
	};
	rootObject = 80F2284929B6445900C97E59 /* Project object */;
}
